
Microsoft Visual Studio Solution File, Format Version 12.00
# Visual Studio Version 16
VisualStudioVersion = 16.0.31911.196
MinimumVisualStudioVersion = 10.0.40219.1
Project("{FAE04EC0-301F-11D3-BF4B-00C04F79EFBC}") = "BirthDayCardGenerator", "BirthDayCardGenerator\BirthDayCardGenerator.csproj", "{31738329-AB45-455B-A98F-A9B69B349288}"
EndProject
Global
	GlobalSection(SolutionConfigurationPlatforms) = preSolution
		Debug|Any CPU = Debug|Any CPU
		Release|Any CPU = Release|Any CPU
	EndGlobalSection
	GlobalSection(ProjectConfigurationPlatforms) = postSolution
		{31738329-AB45-455B-A98F-A9B69B349288}.Debug|Any CPU.ActiveCfg = Debug|Any CPU
		{31738329-AB45-455B-A98F-A9B69B349288}.Debug|Any CPU.Build.0 = Debug|Any CPU
		{31738329-AB45-455B-A98F-A9B69B349288}.Release|Any CPU.ActiveCfg = Release|Any CPU
		{31738329-AB45-455B-A98F-A9B69B349288}.Release|Any CPU.Build.0 = Release|Any CPU
	EndGlobalSection
	GlobalSection(SolutionProperties) = preSolution
		HideSolutionNode = FALSE
	EndGlobalSection
	GlobalSection(ExtensibilityGlobals) = postSolution
		SolutionGuid = {375F3D3C-61B9-4CE5-8394-6AB01B16CBE1}
	EndGlobalSection
EndGlobal
