
Microsoft Visual Studio Solution File, Format Version 12.00
# Visual Studio Version 17
VisualStudioVersion = 17.1.32407.343
MinimumVisualStudioVersion = 10.0.40219.1
Project("{FAE04EC0-301F-11D3-BF4B-00C04F79EFBC}") = "BirthdayCardGenerator", "BirthdayCardGenerator\BirthdayCardGenerator.csproj", "{BD537E97-4908-4A32-9F0D-9750B617F4F5}"
EndProject
Global
	GlobalSection(SolutionConfigurationPlatforms) = preSolution
		Debug|Any CPU = Debug|Any CPU
		Release|Any CPU = Release|Any CPU
	EndGlobalSection
	GlobalSection(ProjectConfigurationPlatforms) = postSolution
		{BD537E97-4908-4A32-9F0D-9750B617F4F5}.Debug|Any CPU.ActiveCfg = Debug|Any CPU
		{BD537E97-4908-4A32-9F0D-9750B617F4F5}.Debug|Any CPU.Build.0 = Debug|Any CPU
		{BD537E97-4908-4A32-9F0D-9750B617F4F5}.Release|Any CPU.ActiveCfg = Release|Any CPU
		{BD537E97-4908-4A32-9F0D-9750B617F4F5}.Release|Any CPU.Build.0 = Release|Any CPU
	EndGlobalSection
	GlobalSection(SolutionProperties) = preSolution
		HideSolutionNode = FALSE
	EndGlobalSection
	GlobalSection(ExtensibilityGlobals) = postSolution
		SolutionGuid = {2367D23B-A1FD-418B-9FC0-E3C8573402F9}
	EndGlobalSection
EndGlobal
